<?xml version="1.0" encoding="UTF-8" standalone="yes" ?>
<CodeBlocks_project_file>
	<FileVersion major="1" minor="6" />
	<Project>
		<Option title="Comp4710--Project" />
		<Option pch_mode="2" />
		<Option default_target="Release" />
		<Option compiler="gcc" />
		<Build>
			<Target title="Debug">
				<Option output="bin/Debug/Comp4710--Project" prefix_auto="1" extension_auto="1" />
				<Option working_dir="../" />
				<Option object_output="obj/Debug/" />
				<Option type="1" />
				<Option compiler="gcc" />
				<Option parameters="lga ../data/test/hiv-part.fa ../data/test/SOLiD/hiv-part-sim.fq ../data/test/SOLiD/hiv-part-sim.sam" />
				<Compiler>
					<Add option="-g" />
					<Add option="-I ../../lib" />
				</Compiler>
			</Target>
			<Target title="Release">
				<Option output="bin/Release/Comp4710--Project" prefix_auto="1" extension_auto="1" />
				<Option object_output="obj/Release/" />
				<Option type="1" />
				<Option compiler="gcc" />
				<Compiler>
					<Add option="-O2" />
				</Compiler>
				<Linker>
					<Add option="-s" />
				</Linker>
			</Target>
		</Build>
		<Compiler>
			<Add option="-Wall" />
			<Add option="-fexceptions" />
		</Compiler>
		<Unit filename="../EDNAFULL.hpp" />
		<Unit filename="../align_lib.cpp" />
		<Unit filename="../align_lib.hpp" />
		<Unit filename="../global_alignment.cpp" />
		<Unit filename="../global_alignment.hpp" />
		<Unit filename="../local_alignment.cpp" />
		<Unit filename="../local_alignment.hpp" />
		<Unit filename="../local_global_alignment.cpp" />
		<Unit filename="../local_global_alignment.hpp" />
		<Unit filename="../main.cpp" />
		<Unit filename="../uncertain_local_global_alignment.cpp" />
		<Unit filename="../uncertain_local_global_alignment.hpp" />
		<Extensions>
			<code_completion />
			<debugger />
		</Extensions>
	</Project>
</CodeBlocks_project_file>
